
Microsoft Visual Studio Solution File, Format Version 12.00
# Visual Studio Version 16
VisualStudioVersion = 16.0.29613.14
MinimumVisualStudioVersion = 10.0.40219.1
Project("{FAE04EC0-301F-11D3-BF4B-00C04F79EFBC}") = "NetCoreApp", "NetCoreApp\NetCoreApp.csproj", "{327E8A25-08BF-4B4B-901B-FC9601B45A3E}"
EndProject
Global
	GlobalSection(SolutionConfigurationPlatforms) = preSolution
		Debug|Any CPU = Debug|Any CPU
		Release|Any CPU = Release|Any CPU
	EndGlobalSection
	GlobalSection(ProjectConfigurationPlatforms) = postSolution
		{327E8A25-08BF-4B4B-901B-FC9601B45A3E}.Debug|Any CPU.ActiveCfg = Debug|Any CPU
		{327E8A25-08BF-4B4B-901B-FC9601B45A3E}.Debug|Any CPU.Build.0 = Debug|Any CPU
		{327E8A25-08BF-4B4B-901B-FC9601B45A3E}.Release|Any CPU.ActiveCfg = Release|Any CPU
		{327E8A25-08BF-4B4B-901B-FC9601B45A3E}.Release|Any CPU.Build.0 = Release|Any CPU
	EndGlobalSection
	GlobalSection(SolutionProperties) = preSolution
		HideSolutionNode = FALSE
	EndGlobalSection
	GlobalSection(ExtensibilityGlobals) = postSolution
		SolutionGuid = {A701251D-9BB3-4603-9EC8-F8DF3650053D}
	EndGlobalSection
EndGlobal
